# This file is generated by running "yarn install" inside your project.
# Manual changes might be lost - proceed with caution!

__metadata:
  version: 10
  cacheKey: 10c0

"@better-auth/core@npm:1.7.5":
  version: 1.7.5
  resolution: "@better-auth/core@npm:1.7.5"
  dependencies:
    "@opentelemetry/semantic-conventions": "npm:^1.41.1"
    "@standard-schema/spec": "npm:^1.1.0"
    zod: "npm:^4.5.4"
  peerDependencies:
    "@better-auth/utils": 0.4.2
    "@better-fetch/fetch": 1.3.2
    "@opentelemetry/api": ^1.9.0
    better-call: 1.4.0
    jose: ^6.1.0
    kysely: ^0.28.5 || ^0.29.0
    nanostores: ^1.0.1
  peerDependenciesMeta:
    "@opentelemetry/api":
      optional: true
  checksum: 10c0/6424170fe4555ad8541e515d2c5cc6fa54d220c182c37d564410e54e0a8bd1c5d16f104a245c47c966b6d4cffeb3b0de557419992f5c5ce27584451b28deea8c
  languageName: node
  linkType: hard

"@better-auth/drizzle-adapter@npm:1.7.5":
  version: 1.7.5
  resolution: "@better-auth/drizzle-adapter@npm:1.7.5"
  peerDependencies:
    "@better-auth/core": ^1.7.5
    "@better-auth/utils": 0.4.2
    drizzle-orm: ^0.45.2 || >=1.0.0-rc.1 <2.0.0
  peerDependenciesMeta:
    drizzle-orm:
      optional: true
  checksum: 10c0/e1f54da3979bce38bd7c36484552cdeaeec193a985895601242dbb74876a7483b3f9f0a252401e39d57a413f1b5bd2c245fb0b6c56975d73298df3cc956b81b5
  languageName: node
  linkType: hard

"@better-auth/kysely-adapter@npm:1.7.5":
  version: 1.7.5
  resolution: "@better-auth/kysely-adapter@npm:1.7.5"
  peerDependencies:
    "@better-auth/core": ^1.7.5
    "@better-auth/utils": 0.4.2
    kysely: ^0.28.17 || ^0.29.0
  peerDependenciesMeta:
    kysely:
      optional: true
  checksum: 10c0/b8412f7157d615ccd9c7979492474685e929f0141f318968d6a1ce0410b467573bdbf701297771cc9be284753637640029ef53ffbe05dc2de34ad647e3769a01
  languageName: node
  linkType: hard

"@better-auth/memory-adapter@npm:1.7.5":
  version: 1.7.5
  resolution: "@better-auth/memory-adapter@npm:1.7.5"
  peerDependencies:
    "@better-auth/core": ^1.7.5
    "@better-auth/utils": 0.4.2
  checksum: 10c0/589b7360c2087fc708c92f97cfbbd88a090436b3e60e8116805d2de4e1d0eb947c87b759f7c30c7858df4adf55638267aeb0b62121a4ca10f1677f1cdc6bd1a2
  languageName: node
  linkType: hard

"@better-auth/mongo-adapter@npm:1.7.5":
  version: 1.7.5
  resolution: "@better-auth/mongo-adapter@npm:1.7.5"
  peerDependencies:
    "@better-auth/core": ^1.7.5
    "@better-auth/utils": 0.4.2
    mongodb: ^6.0.0 || ^7.0.0
  peerDependenciesMeta:
    mongodb:
      optional: true
  checksum: 10c0/ca53578eedd55df5d08e88ace1b710d23cc9b38c7003ea83a4023ea77629d9ddf57ada3020eb5138e2423b1e872c9cd05ffbbad3fc0977f210e55216ba979f65
  languageName: node
  linkType: hard

"@better-auth/prisma-adapter@npm:1.7.5":
  version: 1.7.5
  resolution: "@better-auth/prisma-adapter@npm:1.7.5"
  peerDependencies:
    "@better-auth/core": ^1.7.5
    "@better-auth/utils": 0.4.2
    "@prisma/client": ^5.0.0 || ^6.0.0 || ^7.0.0
    prisma: ^5.0.0 || ^6.0.0 || ^7.0.0
  peerDependenciesMeta:
    "@prisma/client":
      optional: true
    prisma:
      optional: true
  checksum: 10c0/584f79f9b701622f753af851942c23315fa819d910820754c5361d7f89d836a9a556081ec6f1f6f7fcebbf7ef0fcf73c7d9610986b7e405eb77c1cb16a3c8f53
  languageName: node
  linkType: hard

"@better-auth/telemetry@npm:1.7.5":
  version: 1.7.5
  resolution: "@better-auth/telemetry@npm:1.7.5"
  peerDependencies:
    "@better-auth/core": ^1.7.5
    "@better-auth/utils": 0.4.2
    "@better-fetch/fetch": 1.3.2
  checksum: 10c0/29a25b4852ab5e9f1b8b4affa4a752ad8caee780585aebe8c5b836d2eedcc385321b9bc2e015e4c1b4def578feee0c836f1974c16b718067c4528a641e8ec7d1
  languageName: node
  linkType: hard

"@better-auth/utils@npm:0.4.2":
  version: 0.4.2
  resolution: "@better-auth/utils@npm:0.4.2"
  dependencies:
    "@noble/hashes": "npm:^2.0.1"
  checksum: 10c0/1c39491a44ecfec5e54fc981f9f09f0c76fc8102b06b31fec1bdf4b7c53714f3a6929412af3075248a852df1268043eaab283f698e859542ee79a366f162aabf
  languageName: node
  linkType: hard

"@better-auth/utils@npm:^0.5.0":
  version: 0.5.0
  resolution: "@better-auth/utils@npm:0.5.0"
  dependencies:
    "@noble/hashes": "npm:^2.0.1"
  checksum: 10c0/94c1f11c2d9e79cb39ca50ca16d1bd2e7366cb97708d4242900b012c11a7badbdd930dda643d1eab12cd5fb7547e9a03f3852ee0293011b6c45b9c3c35f37504
  languageName: node
  linkType: hard

"@better-fetch/fetch@npm:1.3.2, @better-fetch/fetch@npm:^1.3.1":
  version: 1.3.2
  resolution: "@better-fetch/fetch@npm:1.3.2"
  checksum: 10c0/f58099149868c65e05d965f590819fadb0fcce126ce5e4ada70753a69e94bc1d6e2e361a817e520efc243b87589a8ef14bc00e555412fab661f15218d8be116f
  languageName: node
  linkType: hard

"@noble/ciphers@npm:^2.2.0":
  version: 2.4.0
  resolution: "@noble/ciphers@npm:2.4.0"
  checksum: 10c0/f8c0cfec0c96554a379385e0a851e4f4eb3ceb1ac645885d8f94f6e75b8d56233e4a434413cb2bf37ec08960cc05dad1ddf98d25311e990ea6505c56a1c1ca95
  languageName: node
  linkType: hard

"@noble/hashes@npm:^2.0.1, @noble/hashes@npm:^2.2.0":
  version: 2.4.0
  resolution: "@noble/hashes@npm:2.4.0"
  checksum: 10c0/f5820a38c52886073a69722a030688ad188bbacb822d01554545371259961c2b916266c57c013c2ce5a0d78aec977142fc68fd2a79be4c97b0644fcee9bb35f6
  languageName: node
  linkType: hard

"@opentelemetry/semantic-conventions@npm:^1.41.1":
  version: 1.43.0
  resolution: "@opentelemetry/semantic-conventions@npm:1.43.0"
  checksum: 10c0/ea4b4b07c9414b0c5e7ce7349f608cb2572d16922d96077fb0882b59f173ec9b94aada74896bd5dd4aeb1759924503bd5a34b6dc2847a84c36f71626a0578ec4
  languageName: node
  linkType: hard

"@rezics/main@workspace:services/main":
  version: 0.0.0-use.local
  resolution: "@rezics/main@workspace:services/main"
  dependencies:
    "@types/bun": "npm:1.4.2"
    "@types/pg": "npm:8.23.1"
    better-auth: "npm:1.7.5"
    elysia: "npm:2.0.0-beta.16"
    exact-mirror: "npm:1.2.6"
    jose: "npm:6.2.12"
    openapi-types: "npm:12.1.3"
    pg: "npm:8.23.0"
    typebox: "npm:1.3.34"
    typescript: "npm:7.0.2"
  languageName: unknown
  linkType: soft

"@standard-schema/spec@npm:^1.1.0":
  version: 1.1.0
  resolution: "@standard-schema/spec@npm:1.1.0"
  checksum: 10c0/d90f55acde4b2deb983529c87e8025fa693de1a5e8b49ecc6eb84d1fd96328add0e03d7d551442156c7432fd78165b2c26ff561b970a9a881f046abb78d6a526
  languageName: node
  linkType: hard

"@types/bun@npm:1.4.2":
  version: 1.4.2
  resolution: "@types/bun@npm:1.4.2"
  dependencies:
    bun-types: "npm:1.4.2"
  checksum: 10c0/f22456d26f2330ab8f9ea351695218db0dc05911281b7c12b609ed89d7050bac18a0f8400ae0996756fe9651e12fb3200527dcfae53f0ddb9265e860bf0b3099
  languageName: node
  linkType: hard

"@types/node@npm:*":
  version: 26.6.2
  resolution: "@types/node@npm:26.6.2"
  dependencies:
    undici-types: "npm:~8.9.0"
  checksum: 10c0/bb411ff5863a79a28ffa4ebadf2499d44046aa114d25a7a6c78f57def118123a0a7dea99e8fe38849099e9dba2b41b8853a7a282037618559f58653c35e7c5c5
  languageName: node
  linkType: hard

"@types/pg@npm:8.23.1":
  version: 8.23.1
  resolution: "@types/pg@npm:8.23.1"
  dependencies:
    "@types/node": "npm:*"
    pg-protocol: "npm:*"
    pg-types: "npm:^2.2.0"
  checksum: 10c0/0e39ff7dbe233e1e50b172d87fe84cca086a52e255adb104ef1d60619cded356c4414427ffbea58e70a5a985c3036603c8e544ca2937fc1cf4050185109973be
  languageName: node
  linkType: hard

"@typescript/typescript-aix-ppc64@npm:7.0.2":
  version: 7.0.2
  resolution: "@typescript/typescript-aix-ppc64@npm:7.0.2"
  conditions: os=aix & cpu=ppc64
  languageName: node
  linkType: hard

"@typescript/typescript-darwin-arm64@npm:7.0.2":
  version: 7.0.2
  resolution: "@typescript/typescript-darwin-arm64@npm:7.0.2"
  conditions: os=darwin & cpu=arm64
  languageName: node
  linkType: hard

"@typescript/typescript-darwin-x64@npm:7.0.2":
  version: 7.0.2
  resolution: "@typescript/typescript-darwin-x64@npm:7.0.2"
  conditions: os=darwin & cpu=x64
  languageName: node
  linkType: hard

"@typescript/typescript-freebsd-arm64@npm:7.0.2":
  version: 7.0.2
  resolution: "@typescript/typescript-freebsd-arm64@npm:7.0.2"
  conditions: os=freebsd & cpu=arm64
  languageName: node
  linkType: hard

"@typescript/typescript-freebsd-x64@npm:7.0.2":
  version: 7.0.2
  resolution: "@typescript/typescript-freebsd-x64@npm:7.0.2"
  conditions: os=freebsd & cpu=x64
  languageName: node
  linkType: hard

"@typescript/typescript-linux-arm64@npm:7.0.2":
  version: 7.0.2
  resolution: "@typescript/typescript-linux-arm64@npm:7.0.2"
  conditions: os=linux & cpu=arm64
  languageName: node
  linkType: hard

"@typescript/typescript-linux-arm@npm:7.0.2":
  version: 7.0.2
  resolution: "@typescript/typescript-linux-arm@npm:7.0.2"
  conditions: os=linux & cpu=arm
  languageName: node
  linkType: hard

"@typescript/typescript-linux-loong64@npm:7.0.2":
  version: 7.0.2
  resolution: "@typescript/typescript-linux-loong64@npm:7.0.2"
  conditions: os=linux & cpu=loong64
  languageName: node
  linkType: hard

"@typescript/typescript-linux-mips64el@npm:7.0.2":
  version: 7.0.2
  resolution: "@typescript/typescript-linux-mips64el@npm:7.0.2"
  conditions: os=linux & cpu=mips64el
  languageName: node
  linkType: hard

"@typescript/typescript-linux-ppc64@npm:7.0.2":
  version: 7.0.2
  resolution: "@typescript/typescript-linux-ppc64@npm:7.0.2"
  conditions: os=linux & cpu=ppc64
  languageName: node
  linkType: hard

"@typescript/typescript-linux-riscv64@npm:7.0.2":
  version: 7.0.2
  resolution: "@typescript/typescript-linux-riscv64@npm:7.0.2"
  conditions: os=linux & cpu=riscv64
  languageName: node
  linkType: hard

"@typescript/typescript-linux-s390x@npm:7.0.2":
  version: 7.0.2
  resolution: "@typescript/typescript-linux-s390x@npm:7.0.2"
  conditions: os=linux & cpu=s390x
  languageName: node
  linkType: hard

"@typescript/typescript-linux-x64@npm:7.0.2":
  version: 7.0.2
  resolution: "@typescript/typescript-linux-x64@npm:7.0.2"
  conditions: os=linux & cpu=x64
  languageName: node
  linkType: hard

"@typescript/typescript-netbsd-arm64@npm:7.0.2":
  version: 7.0.2
  resolution: "@typescript/typescript-netbsd-arm64@npm:7.0.2"
  conditions: os=netbsd & cpu=arm64
  languageName: node
  linkType: hard

"@typescript/typescript-netbsd-x64@npm:7.0.2":
  version: 7.0.2
  resolution: "@typescript/typescript-netbsd-x64@npm:7.0.2"
  conditions: os=netbsd & cpu=x64
  languageName: node
  linkType: hard

"@typescript/typescript-openbsd-arm64@npm:7.0.2":
  version: 7.0.2
  resolution: "@typescript/typescript-openbsd-arm64@npm:7.0.2"
  conditions: os=openbsd & cpu=arm64
  languageName: node
  linkType: hard

"@typescript/typescript-openbsd-x64@npm:7.0.2":
  version: 7.0.2
  resolution: "@typescript/typescript-openbsd-x64@npm:7.0.2"
  conditions: os=openbsd & cpu=x64
  languageName: node
  linkType: hard

"@typescript/typescript-sunos-x64@npm:7.0.2":
  version: 7.0.2
  resolution: "@typescript/typescript-sunos-x64@npm:7.0.2"
  conditions: os=sunos & cpu=x64
  languageName: node
  linkType: hard

"@typescript/typescript-win32-arm64@npm:7.0.2":
  version: 7.0.2
  resolution: "@typescript/typescript-win32-arm64@npm:7.0.2"
  conditions: os=win32 & cpu=arm64
  languageName: node
  linkType: hard

"@typescript/typescript-win32-x64@npm:7.0.2":
  version: 7.0.2
  resolution: "@typescript/typescript-win32-x64@npm:7.0.2"
  conditions: os=win32 & cpu=x64
  languageName: node
  linkType: hard

"better-auth@npm:1.7.5":
  version: 1.7.5
  resolution: "better-auth@npm:1.7.5"
  dependencies:
    "@better-auth/core": "npm:1.7.5"
    "@better-auth/drizzle-adapter": "npm:1.7.5"
    "@better-auth/kysely-adapter": "npm:1.7.5"
    "@better-auth/memory-adapter": "npm:1.7.5"
    "@better-auth/mongo-adapter": "npm:1.7.5"
    "@better-auth/prisma-adapter": "npm:1.7.5"
    "@better-auth/telemetry": "npm:1.7.5"
    "@better-auth/utils": "npm:0.4.2"
    "@better-fetch/fetch": "npm:1.3.2"
    "@noble/ciphers": "npm:^2.2.0"
    "@noble/hashes": "npm:^2.2.0"
    better-call: "npm:1.4.0"
    defu: "npm:^6.1.4"
    jose: "npm:^6.2.3"
    kysely: "npm:^0.28.17 || ^0.29.0"
    nanostores: "npm:^1.3.0"
    zod: "npm:^4.5.4"
  peerDependencies:
    "@lynx-js/react": "*"
    "@prisma/client": ^5.0.0 || ^6.0.0 || ^7.0.0
    "@sveltejs/kit": ^2.0.0
    "@tanstack/react-start": ^1.0.0
    "@tanstack/solid-start": ^1.0.0
    drizzle-kit: ">=0.31.4 || >=1.0.0-beta.1"
    drizzle-orm: ^0.45.2 || >=1.0.0-rc.1 <2.0.0
    mongodb: ^6.0.0 || ^7.0.0
    mysql2: ^3.0.0
    next: ^14.0.0 || ^15.0.0 || ^16.0.0
    pg: ^8.0.0
    prisma: ^5.0.0 || ^6.0.0 || ^7.0.0
    react: ^18.0.0 || ^19.0.0
    react-dom: ^18.0.0 || ^19.0.0
    solid-js: ^1.0.0
    svelte: ^4.0.0 || ^5.0.0
    vitest: ^2.0.0 || ^3.0.0 || ^4.0.0 || ^5.0.0
    vue: ^3.0.0
  peerDependenciesMeta:
    "@lynx-js/react":
      optional: true
    "@prisma/client":
      optional: true
    "@sveltejs/kit":
      optional: true
    "@tanstack/react-start":
      optional: true
    "@tanstack/solid-start":
      optional: true
    drizzle-kit:
      optional: true
    drizzle-orm:
      optional: true
    mongodb:
      optional: true
    mysql2:
      optional: true
    next:
      optional: true
    pg:
      optional: true
    prisma:
      optional: true
    react:
      optional: true
    react-dom:
      optional: true
    solid-js:
      optional: true
    svelte:
      optional: true
    vitest:
      optional: true
    vue:
      optional: true
  checksum: 10c0/a8b09640f39cba86893d971c3666ddae247ef6882d7cc6b91b4867e2ebbe9cb4eda4925717388601712611e7abb81ad76dbdf4bf898a5695897836b5cff65a73
  languageName: node
  linkType: hard

"better-call@npm:1.4.0":
  version: 1.4.0
  resolution: "better-call@npm:1.4.0"
  dependencies:
    "@better-auth/utils": "npm:^0.5.0"
    "@better-fetch/fetch": "npm:^1.3.1"
    rou3: "npm:^0.9.1"
    set-cookie-parser: "npm:^3.1.2"
  peerDependencies:
    zod: ^4.0.0
  peerDependenciesMeta:
    zod:
      optional: true
  checksum: 10c0/394e2fae1c3be78af2aab1127c9ead4e465c1c66b6a4e26558a91eacbdd7da978e3bff6e07af3858b6ecd0be412c9a8265b2b06062da34a8771342b37dbaff73
  languageName: node
  linkType: hard

"bun-types@npm:1.4.2":
  version: 1.4.2
  resolution: "bun-types@npm:1.4.2"
  dependencies:
    "@types/node": "npm:*"
  checksum: 10c0/5044ca70b666567a258bcf48f516af2850e80091ccc3cacbf893852ece027007bc0fcf3424a59e97d5dba327ebcd5732ef9363a1d653d57ce2474f05526f40e3
  languageName: node
  linkType: hard

"defu@npm:^6.1.4":
  version: 6.1.7
  resolution: "defu@npm:6.1.7"
  checksum: 10c0/e6635388103c8be3c574ac31302f6930e5e6eeedba32cb1b30cf993c7d9fb571aec2485446dfa23bfa63e55e66156fe109027a9695db82a50f931e91e8d4bedb
  languageName: node
  linkType: hard

"deuri@npm:^3.0.0":
  version: 3.0.0
  resolution: "deuri@npm:3.0.0"
  checksum: 10c0/4d453ec830bb82a780abc8d71692b02b4a390dd9ad4aa806329fc89e92a31c92c6a5ad0cae9cc2ed3beb56e866fd000fa829107591eae4a5fc93ebafa218cd11
  languageName: node
  linkType: hard

"elysia@npm:2.0.0-beta.16":
  version: 2.0.0-beta.16
  resolution: "elysia@npm:2.0.0-beta.16"
  dependencies:
    deuri: "npm:^3.0.0"
    memoirist: "npm:1.2.2"
  peerDependencies:
    "@types/bun": ">= 1.3.0"
    exact-mirror: ">= 1.2.6"
    openapi-types: ">= 12.0.0"
    typebox: ">= 1.3.0"
    typescript: ">= 5.7.0"
  peerDependenciesMeta:
    "@types/bun":
      optional: true
    typescript:
      optional: true
  checksum: 10c0/ae78226bac02921a9be4dce3bcd4d8198e3282071f05e686df809d2e02d45416ee87ea0ce6fdf484f34349b0204e4afac63d0687cf2ab81b7b603761a23ceabc
  languageName: node
  linkType: hard

"exact-mirror@npm:1.2.6":
  version: 1.2.6
  resolution: "exact-mirror@npm:1.2.6"
  peerDependencies:
    typebox: ">= 1.1.0"
  peerDependenciesMeta:
    typebox:
      optional: true
  checksum: 10c0/cf934bdcec6dbed2608208c6739c4baf145698bf57857aefab227323c024bf20e89e1d52e220ddf2a4a2640b580812f97130a9240a7c099e6bb6004c1a8fc211
  languageName: node
  linkType: hard

"jose@npm:6.2.12, jose@npm:^6.2.3":
  version: 6.2.12
  resolution: "jose@npm:6.2.12"
  checksum: 10c0/e8582b946fabcae228819982dda4849908c353e9cb098f02f773635aa0d2f4917f17484c7441b8d526e564013b4cf96951455c94f81d0a39ee765bad44ce293d
  languageName: node
  linkType: hard

"kysely@npm:^0.28.17 || ^0.29.0":
  version: 0.29.6
  resolution: "kysely@npm:0.29.6"
  checksum: 10c0/262a2111944cc82dcb10e840fef4e374467abe0d6aa9c1272df2ca6199155c59bb0f3ca17f856c20b719cbdd5d2e641d3464faeab409680098dc35b514119798
  languageName: node
  linkType: hard

"memoirist@npm:1.2.2":
  version: 1.2.2
  resolution: "memoirist@npm:1.2.2"
  checksum: 10c0/240599c462e4a6a75ad72ab98b39cbb3009f2303a49062c86ebfd6f396810e383b310f55fcde80cc6f37d22122a015cce0574c0b539bf9689ba195c72829140b
  languageName: node
  linkType: hard

"nanostores@npm:^1.3.0":
  version: 1.5.3
  resolution: "nanostores@npm:1.5.3"
  checksum: 10c0/c364320b2fb2534c92d46866b7beb988a8f699d8056d29f4f7136894bf966bf91f430381d46182c90189dfd937b4ac4b0afa955a65331aadcb75ba2704378e2a
  languageName: node
  linkType: hard

"openapi-types@npm:12.1.3":
  version: 12.1.3
  resolution: "openapi-types@npm:12.1.3"
  checksum: 10c0/4ad4eb91ea834c237edfa6ab31394e87e00c888fc2918009763389c00d02342345195d6f302d61c3fd807f17723cd48df29b47b538b68375b3827b3758cd520f
  languageName: node
  linkType: hard

"pg-cloudflare@npm:^1.4.0":
  version: 1.4.0
  resolution: "pg-cloudflare@npm:1.4.0"
  checksum: 10c0/553764d00055052648393cda53c1feb065991d6f9fbfdeb56cf8396c5b33377ab2897aaf5dc9cd3933d09023a1f01e8b1ca755431dcf5fd71c92ea277e2888f1
  languageName: node
  linkType: hard

"pg-connection-string@npm:^2.14.0":
  version: 2.14.0
  resolution: "pg-connection-string@npm:2.14.0"
  checksum: 10c0/c26d85970f782de72b90aa45b4acfa34df90242fc08bc676e8827297164044dbfb40a2cf20b0646bd02662a6b14c5ed27f322db627e41e582f2b705bc41e8b47
  languageName: node
  linkType: hard

"pg-int8@npm:1.0.1":
  version: 1.0.1
  resolution: "pg-int8@npm:1.0.1"
  checksum: 10c0/be6a02d851fc2a4ae3e9de81710d861de3ba35ac927268973eb3cb618873a05b9424656df464dd43bd7dc3fc5295c3f5b3c8349494f87c7af50ec59ef14e0b98
  languageName: node
  linkType: hard

"pg-pool@npm:^3.14.0":
  version: 3.14.0
  resolution: "pg-pool@npm:3.14.0"
  peerDependencies:
    pg: ">=8.0"
  checksum: 10c0/3dd706e67e3b317e29409d9eb3bd44e960eabd86db2a9711a9391bbd43881f8ce7a5f7054a341509558ee05e9bf0a3cc7aef037039da0790ce1e16762ade3ba6
  languageName: node
  linkType: hard

"pg-protocol@npm:*, pg-protocol@npm:^1.16.0":
  version: 1.16.0
  resolution: "pg-protocol@npm:1.16.0"
  checksum: 10c0/8ea4a8f4970aa0ca1e5bf9a482da0a41a043d7470fbaf7592736971146b09a2a4003d953c0091b72fc30bf7a7994a0b7fdf897bf50cd219787bd22806b3ffb04
  languageName: node
  linkType: hard

"pg-types@npm:2.2.0, pg-types@npm:^2.2.0":
  version: 2.2.0
  resolution: "pg-types@npm:2.2.0"
  dependencies:
    pg-int8: "npm:1.0.1"
    postgres-array: "npm:~2.0.0"
    postgres-bytea: "npm:~1.0.0"
    postgres-date: "npm:~1.0.4"
    postgres-interval: "npm:^1.1.0"
  checksum: 10c0/ab3f8069a323f601cd2d2279ca8c425447dab3f9b61d933b0601d7ffc00d6200df25e26a4290b2b0783b59278198f7dd2ed03e94c4875797919605116a577c65
  languageName: node
  linkType: hard

"pg@npm:8.23.0":
  version: 8.23.0
  resolution: "pg@npm:8.23.0"
  dependencies:
    pg-cloudflare: "npm:^1.4.0"
    pg-connection-string: "npm:^2.14.0"
    pg-pool: "npm:^3.14.0"
    pg-protocol: "npm:^1.16.0"
    pg-types: "npm:2.2.0"
    pgpass: "npm:1.0.5"
  peerDependencies:
    pg-native: ">=3.0.1"
  dependenciesMeta:
    pg-cloudflare:
      optional: true
  peerDependenciesMeta:
    pg-native:
      optional: true
  checksum: 10c0/11ce12a71b4239588c18f078531c378d5bcdbcb9ea892e080a6e71f91aaece2b4b8fd93ee5777f94210f9258ff56161f8ed1a45050c32d295aaca037bba12ee8
  languageName: node
  linkType: hard

"pgpass@npm:1.0.5":
  version: 1.0.5
  resolution: "pgpass@npm:1.0.5"
  dependencies:
    split2: "npm:^4.1.0"
  checksum: 10c0/5ea6c9b2de04c33abb08d33a2dded303c4a3c7162a9264519cbe85c0a9857d712463140ba42fad0c7cd4b21f644dd870b45bb2e02fcbe505b4de0744fd802c1d
  languageName: node
  linkType: hard

"postgres-array@npm:~2.0.0":
  version: 2.0.0
  resolution: "postgres-array@npm:2.0.0"
  checksum: 10c0/cbd56207e4141d7fbf08c86f2aebf21fa7064943d3f808ec85f442ff94b48d891e7a144cc02665fb2de5dbcb9b8e3183a2ac749959e794b4a4cfd379d7a21d08
  languageName: node
  linkType: hard

"postgres-bytea@npm:~1.0.0":
  version: 1.0.1
  resolution: "postgres-bytea@npm:1.0.1"
  checksum: 10c0/10b28a27c9d703d5befd97c443e62b551096d1014bc59ab574c65bf0688de7f3f068003b2aea8dcff83cf0f6f9a35f9f74457c38856cf8eb81b00cf3fb44f164
  languageName: node
  linkType: hard

"postgres-date@npm:~1.0.4":
  version: 1.0.7
  resolution: "postgres-date@npm:1.0.7"
  checksum: 10c0/0ff91fccc64003e10b767fcfeefb5eaffbc522c93aa65d5051c49b3c4ce6cb93ab091a7d22877a90ad60b8874202c6f1d0f935f38a7235ed3b258efd54b97ca9
  languageName: node
  linkType: hard

"postgres-interval@npm:^1.1.0":
  version: 1.2.0
  resolution: "postgres-interval@npm:1.2.0"
  dependencies:
    xtend: "npm:^4.0.0"
  checksum: 10c0/c1734c3cb79e7f22579af0b268a463b1fa1d084e742a02a7a290c4f041e349456f3bee3b4ee0bb3f226828597f7b76deb615c1b857db9a742c45520100456272
  languageName: node
  linkType: hard

"rezics@workspace:.":
  version: 0.0.0-use.local
  resolution: "rezics@workspace:."
  languageName: unknown
  linkType: soft

"rou3@npm:^0.9.1":
  version: 0.9.2
  resolution: "rou3@npm:0.9.2"
  checksum: 10c0/4b0ab14fbd3a7c60ffee1af644f618a9e76dd218cd4fbb585b8fa3601a3f25857c2b1656a215389379a7aef1e1e1897fd55e835658e9c3a5d9683571b36b3bd6
  languageName: node
  linkType: hard

"set-cookie-parser@npm:^3.1.2":
  version: 3.1.2
  resolution: "set-cookie-parser@npm:3.1.2"
  checksum: 10c0/ea3d4fba5affd57f2a4c2e5172d701c4c17645879f9fddf1331622ae556210d840cdcb6666f0d71288ad545e31db5927bf49696051928e0186e079588cd5ddb0
  languageName: node
  linkType: hard

"split2@npm:^4.1.0":
  version: 4.2.0
  resolution: "split2@npm:4.2.0"
  checksum: 10c0/b292beb8ce9215f8c642bb68be6249c5a4c7f332fc8ecadae7be5cbdf1ea95addc95f0459ef2e7ad9d45fd1064698a097e4eb211c83e772b49bc0ee423e91534
  languageName: node
  linkType: hard

"typebox@npm:1.3.34":
  version: 1.3.34
  resolution: "typebox@npm:1.3.34"
  checksum: 10c0/41964b0e9ea712b3295f7167b8754a1674b99f5fd2ba938d0843f433ece519d8fb4dbe0b3236776fcaec587f6def27f84bf81382333fa607470f6b8079de90d9
  languageName: node
  linkType: hard

"typescript@npm:7.0.2":
  version: 7.0.2
  resolution: "typescript@npm:7.0.2"
  dependencies:
    "@typescript/typescript-aix-ppc64": "npm:7.0.2"
    "@typescript/typescript-darwin-arm64": "npm:7.0.2"
    "@typescript/typescript-darwin-x64": "npm:7.0.2"
    "@typescript/typescript-freebsd-arm64": "npm:7.0.2"
    "@typescript/typescript-freebsd-x64": "npm:7.0.2"
    "@typescript/typescript-linux-arm": "npm:7.0.2"
    "@typescript/typescript-linux-arm64": "npm:7.0.2"
    "@typescript/typescript-linux-loong64": "npm:7.0.2"
    "@typescript/typescript-linux-mips64el": "npm:7.0.2"
    "@typescript/typescript-linux-ppc64": "npm:7.0.2"
    "@typescript/typescript-linux-riscv64": "npm:7.0.2"
    "@typescript/typescript-linux-s390x": "npm:7.0.2"
    "@typescript/typescript-linux-x64": "npm:7.0.2"
    "@typescript/typescript-netbsd-arm64": "npm:7.0.2"
    "@typescript/typescript-netbsd-x64": "npm:7.0.2"
    "@typescript/typescript-openbsd-arm64": "npm:7.0.2"
    "@typescript/typescript-openbsd-x64": "npm:7.0.2"
    "@typescript/typescript-sunos-x64": "npm:7.0.2"
    "@typescript/typescript-win32-arm64": "npm:7.0.2"
    "@typescript/typescript-win32-x64": "npm:7.0.2"
  dependenciesMeta:
    "@typescript/typescript-aix-ppc64":
      optional: true
    "@typescript/typescript-darwin-arm64":
      optional: true
    "@typescript/typescript-darwin-x64":
      optional: true
    "@typescript/typescript-freebsd-arm64":
      optional: true
    "@typescript/typescript-freebsd-x64":
      optional: true
    "@typescript/typescript-linux-arm":
      optional: true
    "@typescript/typescript-linux-arm64":
      optional: true
    "@typescript/typescript-linux-loong64":
      optional: true
    "@typescript/typescript-linux-mips64el":
      optional: true
    "@typescript/typescript-linux-ppc64":
      optional: true
    "@typescript/typescript-linux-riscv64":
      optional: true
    "@typescript/typescript-linux-s390x":
      optional: true
    "@typescript/typescript-linux-x64":
      optional: true
    "@typescript/typescript-netbsd-arm64":
      optional: true
    "@typescript/typescript-netbsd-x64":
      optional: true
    "@typescript/typescript-openbsd-arm64":
      optional: true
    "@typescript/typescript-openbsd-x64":
      optional: true
    "@typescript/typescript-sunos-x64":
      optional: true
    "@typescript/typescript-win32-arm64":
      optional: true
    "@typescript/typescript-win32-x64":
      optional: true
  bin:
    tsc: bin/tsc
  checksum: 10c0/3dcee51ec8c332492325bcdbf7df48b66668751f127e622ae7d41b6c716eb19184424a45e14f7750f50f340232388b69e6287859155f06a5ce2df76f12cb31cf
  languageName: node
  linkType: hard

"typescript@patch:typescript@npm%3A7.0.2#optional!builtin<compat/typescript>":
  version: 7.0.2
  resolution: "typescript@patch:typescript@npm%3A7.0.2#optional!builtin<compat/typescript>::version=7.0.2&hash=3bafbf"
  dependencies:
    "@typescript/typescript-aix-ppc64": "npm:7.0.2"
    "@typescript/typescript-darwin-arm64": "npm:7.0.2"
    "@typescript/typescript-darwin-x64": "npm:7.0.2"
    "@typescript/typescript-freebsd-arm64": "npm:7.0.2"
    "@typescript/typescript-freebsd-x64": "npm:7.0.2"
    "@typescript/typescript-linux-arm": "npm:7.0.2"
    "@typescript/typescript-linux-arm64": "npm:7.0.2"
    "@typescript/typescript-linux-loong64": "npm:7.0.2"
    "@typescript/typescript-linux-mips64el": "npm:7.0.2"
    "@typescript/typescript-linux-ppc64": "npm:7.0.2"
    "@typescript/typescript-linux-riscv64": "npm:7.0.2"
    "@typescript/typescript-linux-s390x": "npm:7.0.2"
    "@typescript/typescript-linux-x64": "npm:7.0.2"
    "@typescript/typescript-netbsd-arm64": "npm:7.0.2"
    "@typescript/typescript-netbsd-x64": "npm:7.0.2"
    "@typescript/typescript-openbsd-arm64": "npm:7.0.2"
    "@typescript/typescript-openbsd-x64": "npm:7.0.2"
    "@typescript/typescript-sunos-x64": "npm:7.0.2"
    "@typescript/typescript-win32-arm64": "npm:7.0.2"
    "@typescript/typescript-win32-x64": "npm:7.0.2"
  dependenciesMeta:
    "@typescript/typescript-aix-ppc64":
      optional: true
    "@typescript/typescript-darwin-arm64":
      optional: true
    "@typescript/typescript-darwin-x64":
      optional: true
    "@typescript/typescript-freebsd-arm64":
      optional: true
    "@typescript/typescript-freebsd-x64":
      optional: true
    "@typescript/typescript-linux-arm":
      optional: true
    "@typescript/typescript-linux-arm64":
      optional: true
    "@typescript/typescript-linux-loong64":
      optional: true
    "@typescript/typescript-linux-mips64el":
      optional: true
    "@typescript/typescript-linux-ppc64":
      optional: true
    "@typescript/typescript-linux-riscv64":
      optional: true
    "@typescript/typescript-linux-s390x":
      optional: true
    "@typescript/typescript-linux-x64":
      optional: true
    "@typescript/typescript-netbsd-arm64":
      optional: true
    "@typescript/typescript-netbsd-x64":
      optional: true
    "@typescript/typescript-openbsd-arm64":
      optional: true
    "@typescript/typescript-openbsd-x64":
      optional: true
    "@typescript/typescript-sunos-x64":
      optional: true
    "@typescript/typescript-win32-arm64":
      optional: true
    "@typescript/typescript-win32-x64":
      optional: true
  bin:
    tsc: bin/tsc
  checksum: 10c0/6b3cdc369cd829d46e00734ea64233ee84419c2825ad8fe408915adde77abced4b7a2401f7eed517d54a7a4f5d1c1869753cb99018df1c2159c761d9f33483a6
  languageName: node
  linkType: hard

"undici-types@npm:~8.9.0":
  version: 8.9.0
  resolution: "undici-types@npm:8.9.0"
  checksum: 10c0/51c712c20c087368f62c6fc0f2bc49fa76bfe5dec28ff01584bb677ff29b0622569783c02d43e151143808c48c0503f804093bd2c491b10f2a830138034cb451
  languageName: node
  linkType: hard

"xtend@npm:^4.0.0":
  version: 4.0.2
  resolution: "xtend@npm:4.0.2"
  checksum: 10c0/366ae4783eec6100f8a02dff02ac907bf29f9a00b82ac0264b4d8b832ead18306797e283cf19de776538babfdcb2101375ec5646b59f08c52128ac4ab812ed0e
  languageName: node
  linkType: hard

"zod@npm:^4.5.4":
  version: 4.6.5
  resolution: "zod@npm:4.6.5"
  checksum: 10c0/32eb6c5e98becbe045675b2141c3611451c16ba567f9779231d79af41c4d651ca1c22f154aef7e6c6e77b929f23e43f1154ca05b82e119e922353725d6776af5
  languageName: node
  linkType: hard
