# This file is generated by running "yarn install" inside your project.
# Manual changes might be lost - proceed with caution!

__metadata:
  version: 10
  cacheKey: 10c0

"@rezics/main@workspace:services/main":
  version: 0.0.0-use.local
  resolution: "@rezics/main@workspace:services/main"
  dependencies:
    "@types/bun": "npm:1.4.2"
    "@types/pg": "npm:8.23.1"
    elysia: "npm:2.0.0-beta.16"
    exact-mirror: "npm:1.2.6"
    openapi-types: "npm:12.1.3"
    pg: "npm:8.23.0"
    typebox: "npm:1.3.34"
    typescript: "npm:7.0.2"
  languageName: unknown
  linkType: soft

"@types/bun@npm:1.4.2":
  version: 1.4.2
  resolution: "@types/bun@npm:1.4.2"
  dependencies:
    bun-types: "npm:1.4.2"
  checksum: 10c0/f22456d26f2330ab8f9ea351695218db0dc05911281b7c12b609ed89d7050bac18a0f8400ae0996756fe9651e12fb3200527dcfae53f0ddb9265e860bf0b3099
  languageName: node
  linkType: hard

"@types/node@npm:*":
  version: 26.6.2
  resolution: "@types/node@npm:26.6.2"
  dependencies:
    undici-types: "npm:~8.9.0"
  checksum: 10c0/bb411ff5863a79a28ffa4ebadf2499d44046aa114d25a7a6c78f57def118123a0a7dea99e8fe38849099e9dba2b41b8853a7a282037618559f58653c35e7c5c5
  languageName: node
  linkType: hard

"@types/pg@npm:8.23.1":
  version: 8.23.1
  resolution: "@types/pg@npm:8.23.1"
  dependencies:
    "@types/node": "npm:*"
    pg-protocol: "npm:*"
    pg-types: "npm:^2.2.0"
  checksum: 10c0/0e39ff7dbe233e1e50b172d87fe84cca086a52e255adb104ef1d60619cded356c4414427ffbea58e70a5a985c3036603c8e544ca2937fc1cf4050185109973be
  languageName: node
  linkType: hard

"@typescript/typescript-aix-ppc64@npm:7.0.2":
  version: 7.0.2
  resolution: "@typescript/typescript-aix-ppc64@npm:7.0.2"
  conditions: os=aix & cpu=ppc64
  languageName: node
  linkType: hard

"@typescript/typescript-darwin-arm64@npm:7.0.2":
  version: 7.0.2
  resolution: "@typescript/typescript-darwin-arm64@npm:7.0.2"
  conditions: os=darwin & cpu=arm64
  languageName: node
  linkType: hard

"@typescript/typescript-darwin-x64@npm:7.0.2":
  version: 7.0.2
  resolution: "@typescript/typescript-darwin-x64@npm:7.0.2"
  conditions: os=darwin & cpu=x64
  languageName: node
  linkType: hard

"@typescript/typescript-freebsd-arm64@npm:7.0.2":
  version: 7.0.2
  resolution: "@typescript/typescript-freebsd-arm64@npm:7.0.2"
  conditions: os=freebsd & cpu=arm64
  languageName: node
  linkType: hard

"@typescript/typescript-freebsd-x64@npm:7.0.2":
  version: 7.0.2
  resolution: "@typescript/typescript-freebsd-x64@npm:7.0.2"
  conditions: os=freebsd & cpu=x64
  languageName: node
  linkType: hard

"@typescript/typescript-linux-arm64@npm:7.0.2":
  version: 7.0.2
  resolution: "@typescript/typescript-linux-arm64@npm:7.0.2"
  conditions: os=linux & cpu=arm64
  languageName: node
  linkType: hard

"@typescript/typescript-linux-arm@npm:7.0.2":
  version: 7.0.2
  resolution: "@typescript/typescript-linux-arm@npm:7.0.2"
  conditions: os=linux & cpu=arm
  languageName: node
  linkType: hard

"@typescript/typescript-linux-loong64@npm:7.0.2":
  version: 7.0.2
  resolution: "@typescript/typescript-linux-loong64@npm:7.0.2"
  conditions: os=linux & cpu=loong64
  languageName: node
  linkType: hard

"@typescript/typescript-linux-mips64el@npm:7.0.2":
  version: 7.0.2
  resolution: "@typescript/typescript-linux-mips64el@npm:7.0.2"
  conditions: os=linux & cpu=mips64el
  languageName: node
  linkType: hard

"@typescript/typescript-linux-ppc64@npm:7.0.2":
  version: 7.0.2
  resolution: "@typescript/typescript-linux-ppc64@npm:7.0.2"
  conditions: os=linux & cpu=ppc64
  languageName: node
  linkType: hard

"@typescript/typescript-linux-riscv64@npm:7.0.2":
  version: 7.0.2
  resolution: "@typescript/typescript-linux-riscv64@npm:7.0.2"
  conditions: os=linux & cpu=riscv64
  languageName: node
  linkType: hard

"@typescript/typescript-linux-s390x@npm:7.0.2":
  version: 7.0.2
  resolution: "@typescript/typescript-linux-s390x@npm:7.0.2"
  conditions: os=linux & cpu=s390x
  languageName: node
  linkType: hard

"@typescript/typescript-linux-x64@npm:7.0.2":
  version: 7.0.2
  resolution: "@typescript/typescript-linux-x64@npm:7.0.2"
  conditions: os=linux & cpu=x64
  languageName: node
  linkType: hard

"@typescript/typescript-netbsd-arm64@npm:7.0.2":
  version: 7.0.2
  resolution: "@typescript/typescript-netbsd-arm64@npm:7.0.2"
  conditions: os=netbsd & cpu=arm64
  languageName: node
  linkType: hard

"@typescript/typescript-netbsd-x64@npm:7.0.2":
  version: 7.0.2
  resolution: "@typescript/typescript-netbsd-x64@npm:7.0.2"
  conditions: os=netbsd & cpu=x64
  languageName: node
  linkType: hard

"@typescript/typescript-openbsd-arm64@npm:7.0.2":
  version: 7.0.2
  resolution: "@typescript/typescript-openbsd-arm64@npm:7.0.2"
  conditions: os=openbsd & cpu=arm64
  languageName: node
  linkType: hard

"@typescript/typescript-openbsd-x64@npm:7.0.2":
  version: 7.0.2
  resolution: "@typescript/typescript-openbsd-x64@npm:7.0.2"
  conditions: os=openbsd & cpu=x64
  languageName: node
  linkType: hard

"@typescript/typescript-sunos-x64@npm:7.0.2":
  version: 7.0.2
  resolution: "@typescript/typescript-sunos-x64@npm:7.0.2"
  conditions: os=sunos & cpu=x64
  languageName: node
  linkType: hard

"@typescript/typescript-win32-arm64@npm:7.0.2":
  version: 7.0.2
  resolution: "@typescript/typescript-win32-arm64@npm:7.0.2"
  conditions: os=win32 & cpu=arm64
  languageName: node
  linkType: hard

"@typescript/typescript-win32-x64@npm:7.0.2":
  version: 7.0.2
  resolution: "@typescript/typescript-win32-x64@npm:7.0.2"
  conditions: os=win32 & cpu=x64
  languageName: node
  linkType: hard

"bun-types@npm:1.4.2":
  version: 1.4.2
  resolution: "bun-types@npm:1.4.2"
  dependencies:
    "@types/node": "npm:*"
  checksum: 10c0/5044ca70b666567a258bcf48f516af2850e80091ccc3cacbf893852ece027007bc0fcf3424a59e97d5dba327ebcd5732ef9363a1d653d57ce2474f05526f40e3
  languageName: node
  linkType: hard

"deuri@npm:^3.0.0":
  version: 3.0.0
  resolution: "deuri@npm:3.0.0"
  checksum: 10c0/4d453ec830bb82a780abc8d71692b02b4a390dd9ad4aa806329fc89e92a31c92c6a5ad0cae9cc2ed3beb56e866fd000fa829107591eae4a5fc93ebafa218cd11
  languageName: node
  linkType: hard

"elysia@npm:2.0.0-beta.16":
  version: 2.0.0-beta.16
  resolution: "elysia@npm:2.0.0-beta.16"
  dependencies:
    deuri: "npm:^3.0.0"
    memoirist: "npm:1.2.2"
  peerDependencies:
    "@types/bun": ">= 1.3.0"
    exact-mirror: ">= 1.2.6"
    openapi-types: ">= 12.0.0"
    typebox: ">= 1.3.0"
    typescript: ">= 5.7.0"
  peerDependenciesMeta:
    "@types/bun":
      optional: true
    typescript:
      optional: true
  checksum: 10c0/ae78226bac02921a9be4dce3bcd4d8198e3282071f05e686df809d2e02d45416ee87ea0ce6fdf484f34349b0204e4afac63d0687cf2ab81b7b603761a23ceabc
  languageName: node
  linkType: hard

"exact-mirror@npm:1.2.6":
  version: 1.2.6
  resolution: "exact-mirror@npm:1.2.6"
  peerDependencies:
    typebox: ">= 1.1.0"
  peerDependenciesMeta:
    typebox:
      optional: true
  checksum: 10c0/cf934bdcec6dbed2608208c6739c4baf145698bf57857aefab227323c024bf20e89e1d52e220ddf2a4a2640b580812f97130a9240a7c099e6bb6004c1a8fc211
  languageName: node
  linkType: hard

"memoirist@npm:1.2.2":
  version: 1.2.2
  resolution: "memoirist@npm:1.2.2"
  checksum: 10c0/240599c462e4a6a75ad72ab98b39cbb3009f2303a49062c86ebfd6f396810e383b310f55fcde80cc6f37d22122a015cce0574c0b539bf9689ba195c72829140b
  languageName: node
  linkType: hard

"openapi-types@npm:12.1.3":
  version: 12.1.3
  resolution: "openapi-types@npm:12.1.3"
  checksum: 10c0/4ad4eb91ea834c237edfa6ab31394e87e00c888fc2918009763389c00d02342345195d6f302d61c3fd807f17723cd48df29b47b538b68375b3827b3758cd520f
  languageName: node
  linkType: hard

"pg-cloudflare@npm:^1.4.0":
  version: 1.4.0
  resolution: "pg-cloudflare@npm:1.4.0"
  checksum: 10c0/553764d00055052648393cda53c1feb065991d6f9fbfdeb56cf8396c5b33377ab2897aaf5dc9cd3933d09023a1f01e8b1ca755431dcf5fd71c92ea277e2888f1
  languageName: node
  linkType: hard

"pg-connection-string@npm:^2.14.0":
  version: 2.14.0
  resolution: "pg-connection-string@npm:2.14.0"
  checksum: 10c0/c26d85970f782de72b90aa45b4acfa34df90242fc08bc676e8827297164044dbfb40a2cf20b0646bd02662a6b14c5ed27f322db627e41e582f2b705bc41e8b47
  languageName: node
  linkType: hard

"pg-int8@npm:1.0.1":
  version: 1.0.1
  resolution: "pg-int8@npm:1.0.1"
  checksum: 10c0/be6a02d851fc2a4ae3e9de81710d861de3ba35ac927268973eb3cb618873a05b9424656df464dd43bd7dc3fc5295c3f5b3c8349494f87c7af50ec59ef14e0b98
  languageName: node
  linkType: hard

"pg-pool@npm:^3.14.0":
  version: 3.14.0
  resolution: "pg-pool@npm:3.14.0"
  peerDependencies:
    pg: ">=8.0"
  checksum: 10c0/3dd706e67e3b317e29409d9eb3bd44e960eabd86db2a9711a9391bbd43881f8ce7a5f7054a341509558ee05e9bf0a3cc7aef037039da0790ce1e16762ade3ba6
  languageName: node
  linkType: hard

"pg-protocol@npm:*, pg-protocol@npm:^1.16.0":
  version: 1.16.0
  resolution: "pg-protocol@npm:1.16.0"
  checksum: 10c0/8ea4a8f4970aa0ca1e5bf9a482da0a41a043d7470fbaf7592736971146b09a2a4003d953c0091b72fc30bf7a7994a0b7fdf897bf50cd219787bd22806b3ffb04
  languageName: node
  linkType: hard

"pg-types@npm:2.2.0, pg-types@npm:^2.2.0":
  version: 2.2.0
  resolution: "pg-types@npm:2.2.0"
  dependencies:
    pg-int8: "npm:1.0.1"
    postgres-array: "npm:~2.0.0"
    postgres-bytea: "npm:~1.0.0"
    postgres-date: "npm:~1.0.4"
    postgres-interval: "npm:^1.1.0"
  checksum: 10c0/ab3f8069a323f601cd2d2279ca8c425447dab3f9b61d933b0601d7ffc00d6200df25e26a4290b2b0783b59278198f7dd2ed03e94c4875797919605116a577c65
  languageName: node
  linkType: hard

"pg@npm:8.23.0":
  version: 8.23.0
  resolution: "pg@npm:8.23.0"
  dependencies:
    pg-cloudflare: "npm:^1.4.0"
    pg-connection-string: "npm:^2.14.0"
    pg-pool: "npm:^3.14.0"
    pg-protocol: "npm:^1.16.0"
    pg-types: "npm:2.2.0"
    pgpass: "npm:1.0.5"
  peerDependencies:
    pg-native: ">=3.0.1"
  dependenciesMeta:
    pg-cloudflare:
      optional: true
  peerDependenciesMeta:
    pg-native:
      optional: true
  checksum: 10c0/11ce12a71b4239588c18f078531c378d5bcdbcb9ea892e080a6e71f91aaece2b4b8fd93ee5777f94210f9258ff56161f8ed1a45050c32d295aaca037bba12ee8
  languageName: node
  linkType: hard

"pgpass@npm:1.0.5":
  version: 1.0.5
  resolution: "pgpass@npm:1.0.5"
  dependencies:
    split2: "npm:^4.1.0"
  checksum: 10c0/5ea6c9b2de04c33abb08d33a2dded303c4a3c7162a9264519cbe85c0a9857d712463140ba42fad0c7cd4b21f644dd870b45bb2e02fcbe505b4de0744fd802c1d
  languageName: node
  linkType: hard

"postgres-array@npm:~2.0.0":
  version: 2.0.0
  resolution: "postgres-array@npm:2.0.0"
  checksum: 10c0/cbd56207e4141d7fbf08c86f2aebf21fa7064943d3f808ec85f442ff94b48d891e7a144cc02665fb2de5dbcb9b8e3183a2ac749959e794b4a4cfd379d7a21d08
  languageName: node
  linkType: hard

"postgres-bytea@npm:~1.0.0":
  version: 1.0.1
  resolution: "postgres-bytea@npm:1.0.1"
  checksum: 10c0/10b28a27c9d703d5befd97c443e62b551096d1014bc59ab574c65bf0688de7f3f068003b2aea8dcff83cf0f6f9a35f9f74457c38856cf8eb81b00cf3fb44f164
  languageName: node
  linkType: hard

"postgres-date@npm:~1.0.4":
  version: 1.0.7
  resolution: "postgres-date@npm:1.0.7"
  checksum: 10c0/0ff91fccc64003e10b767fcfeefb5eaffbc522c93aa65d5051c49b3c4ce6cb93ab091a7d22877a90ad60b8874202c6f1d0f935f38a7235ed3b258efd54b97ca9
  languageName: node
  linkType: hard

"postgres-interval@npm:^1.1.0":
  version: 1.2.0
  resolution: "postgres-interval@npm:1.2.0"
  dependencies:
    xtend: "npm:^4.0.0"
  checksum: 10c0/c1734c3cb79e7f22579af0b268a463b1fa1d084e742a02a7a290c4f041e349456f3bee3b4ee0bb3f226828597f7b76deb615c1b857db9a742c45520100456272
  languageName: node
  linkType: hard

"rezics@workspace:.":
  version: 0.0.0-use.local
  resolution: "rezics@workspace:."
  languageName: unknown
  linkType: soft

"split2@npm:^4.1.0":
  version: 4.2.0
  resolution: "split2@npm:4.2.0"
  checksum: 10c0/b292beb8ce9215f8c642bb68be6249c5a4c7f332fc8ecadae7be5cbdf1ea95addc95f0459ef2e7ad9d45fd1064698a097e4eb211c83e772b49bc0ee423e91534
  languageName: node
  linkType: hard

"typebox@npm:1.3.34":
  version: 1.3.34
  resolution: "typebox@npm:1.3.34"
  checksum: 10c0/41964b0e9ea712b3295f7167b8754a1674b99f5fd2ba938d0843f433ece519d8fb4dbe0b3236776fcaec587f6def27f84bf81382333fa607470f6b8079de90d9
  languageName: node
  linkType: hard

"typescript@npm:7.0.2":
  version: 7.0.2
  resolution: "typescript@npm:7.0.2"
  dependencies:
    "@typescript/typescript-aix-ppc64": "npm:7.0.2"
    "@typescript/typescript-darwin-arm64": "npm:7.0.2"
    "@typescript/typescript-darwin-x64": "npm:7.0.2"
    "@typescript/typescript-freebsd-arm64": "npm:7.0.2"
    "@typescript/typescript-freebsd-x64": "npm:7.0.2"
    "@typescript/typescript-linux-arm": "npm:7.0.2"
    "@typescript/typescript-linux-arm64": "npm:7.0.2"
    "@typescript/typescript-linux-loong64": "npm:7.0.2"
    "@typescript/typescript-linux-mips64el": "npm:7.0.2"
    "@typescript/typescript-linux-ppc64": "npm:7.0.2"
    "@typescript/typescript-linux-riscv64": "npm:7.0.2"
    "@typescript/typescript-linux-s390x": "npm:7.0.2"
    "@typescript/typescript-linux-x64": "npm:7.0.2"
    "@typescript/typescript-netbsd-arm64": "npm:7.0.2"
    "@typescript/typescript-netbsd-x64": "npm:7.0.2"
    "@typescript/typescript-openbsd-arm64": "npm:7.0.2"
    "@typescript/typescript-openbsd-x64": "npm:7.0.2"
    "@typescript/typescript-sunos-x64": "npm:7.0.2"
    "@typescript/typescript-win32-arm64": "npm:7.0.2"
    "@typescript/typescript-win32-x64": "npm:7.0.2"
  dependenciesMeta:
    "@typescript/typescript-aix-ppc64":
      optional: true
    "@typescript/typescript-darwin-arm64":
      optional: true
    "@typescript/typescript-darwin-x64":
      optional: true
    "@typescript/typescript-freebsd-arm64":
      optional: true
    "@typescript/typescript-freebsd-x64":
      optional: true
    "@typescript/typescript-linux-arm":
      optional: true
    "@typescript/typescript-linux-arm64":
      optional: true
    "@typescript/typescript-linux-loong64":
      optional: true
    "@typescript/typescript-linux-mips64el":
      optional: true
    "@typescript/typescript-linux-ppc64":
      optional: true
    "@typescript/typescript-linux-riscv64":
      optional: true
    "@typescript/typescript-linux-s390x":
      optional: true
    "@typescript/typescript-linux-x64":
      optional: true
    "@typescript/typescript-netbsd-arm64":
      optional: true
    "@typescript/typescript-netbsd-x64":
      optional: true
    "@typescript/typescript-openbsd-arm64":
      optional: true
    "@typescript/typescript-openbsd-x64":
      optional: true
    "@typescript/typescript-sunos-x64":
      optional: true
    "@typescript/typescript-win32-arm64":
      optional: true
    "@typescript/typescript-win32-x64":
      optional: true
  bin:
    tsc: bin/tsc
  checksum: 10c0/3dcee51ec8c332492325bcdbf7df48b66668751f127e622ae7d41b6c716eb19184424a45e14f7750f50f340232388b69e6287859155f06a5ce2df76f12cb31cf
  languageName: node
  linkType: hard

"typescript@patch:typescript@npm%3A7.0.2#optional!builtin<compat/typescript>":
  version: 7.0.2
  resolution: "typescript@patch:typescript@npm%3A7.0.2#optional!builtin<compat/typescript>::version=7.0.2&hash=3bafbf"
  dependencies:
    "@typescript/typescript-aix-ppc64": "npm:7.0.2"
    "@typescript/typescript-darwin-arm64": "npm:7.0.2"
    "@typescript/typescript-darwin-x64": "npm:7.0.2"
    "@typescript/typescript-freebsd-arm64": "npm:7.0.2"
    "@typescript/typescript-freebsd-x64": "npm:7.0.2"
    "@typescript/typescript-linux-arm": "npm:7.0.2"
    "@typescript/typescript-linux-arm64": "npm:7.0.2"
    "@typescript/typescript-linux-loong64": "npm:7.0.2"
    "@typescript/typescript-linux-mips64el": "npm:7.0.2"
    "@typescript/typescript-linux-ppc64": "npm:7.0.2"
    "@typescript/typescript-linux-riscv64": "npm:7.0.2"
    "@typescript/typescript-linux-s390x": "npm:7.0.2"
    "@typescript/typescript-linux-x64": "npm:7.0.2"
    "@typescript/typescript-netbsd-arm64": "npm:7.0.2"
    "@typescript/typescript-netbsd-x64": "npm:7.0.2"
    "@typescript/typescript-openbsd-arm64": "npm:7.0.2"
    "@typescript/typescript-openbsd-x64": "npm:7.0.2"
    "@typescript/typescript-sunos-x64": "npm:7.0.2"
    "@typescript/typescript-win32-arm64": "npm:7.0.2"
    "@typescript/typescript-win32-x64": "npm:7.0.2"
  dependenciesMeta:
    "@typescript/typescript-aix-ppc64":
      optional: true
    "@typescript/typescript-darwin-arm64":
      optional: true
    "@typescript/typescript-darwin-x64":
      optional: true
    "@typescript/typescript-freebsd-arm64":
      optional: true
    "@typescript/typescript-freebsd-x64":
      optional: true
    "@typescript/typescript-linux-arm":
      optional: true
    "@typescript/typescript-linux-arm64":
      optional: true
    "@typescript/typescript-linux-loong64":
      optional: true
    "@typescript/typescript-linux-mips64el":
      optional: true
    "@typescript/typescript-linux-ppc64":
      optional: true
    "@typescript/typescript-linux-riscv64":
      optional: true
    "@typescript/typescript-linux-s390x":
      optional: true
    "@typescript/typescript-linux-x64":
      optional: true
    "@typescript/typescript-netbsd-arm64":
      optional: true
    "@typescript/typescript-netbsd-x64":
      optional: true
    "@typescript/typescript-openbsd-arm64":
      optional: true
    "@typescript/typescript-openbsd-x64":
      optional: true
    "@typescript/typescript-sunos-x64":
      optional: true
    "@typescript/typescript-win32-arm64":
      optional: true
    "@typescript/typescript-win32-x64":
      optional: true
  bin:
    tsc: bin/tsc
  checksum: 10c0/6b3cdc369cd829d46e00734ea64233ee84419c2825ad8fe408915adde77abced4b7a2401f7eed517d54a7a4f5d1c1869753cb99018df1c2159c761d9f33483a6
  languageName: node
  linkType: hard

"undici-types@npm:~8.9.0":
  version: 8.9.0
  resolution: "undici-types@npm:8.9.0"
  checksum: 10c0/51c712c20c087368f62c6fc0f2bc49fa76bfe5dec28ff01584bb677ff29b0622569783c02d43e151143808c48c0503f804093bd2c491b10f2a830138034cb451
  languageName: node
  linkType: hard

"xtend@npm:^4.0.0":
  version: 4.0.2
  resolution: "xtend@npm:4.0.2"
  checksum: 10c0/366ae4783eec6100f8a02dff02ac907bf29f9a00b82ac0264b4d8b832ead18306797e283cf19de776538babfdcb2101375ec5646b59f08c52128ac4ab812ed0e
  languageName: node
  linkType: hard
