{
  "nodes": {
    "base": {
      "flake": false,
      "locked": {
        "narHash": "sha256-yn5UCz+8sEG6q+Q+HKK1AVHQuJRyzRWbdKqbHw/rWto=",
        "path": "./base",
        "type": "path"
      },
      "original": {
        "narHash": "sha256-yn5UCz+8sEG6q+Q+HKK1AVHQuJRyzRWbdKqbHw/rWto=",
        "path": "./base",
        "type": "path"
      },
      "parent": []
    },
    "root": {
      "inputs": {
        "alias": [
          "base"
        ],
        "base": "base"
      }
    }
  },
  "root": "root",
  "version": 7
}
