# This file is generated by running "yarn install" inside your project.
# Manual changes might be lost - proceed with caution!

__metadata:
  version: 10
  cacheKey: 10c0

"@asteasolutions/zod-to-openapi@npm:^9.1.0":
  version: 9.1.0
  resolution: "@asteasolutions/zod-to-openapi@npm:9.1.0"
  dependencies:
    openapi3-ts: "npm:^4.6.0"
  peerDependencies:
    zod: ^4.0.0
  checksum: 10c0/a6bfbdeab046036ed5e8ba1d460e7c2fb4b780f0c3f6d36afe76cea29cd1b8fc33de00661c57b7835c1cb5235c192ab87ff339b0785f328dacfee6eb1396277f
  languageName: node
  linkType: hard

"@elysia/cors@npm:2.0.0-beta.1":
  version: 2.0.0-beta.1
  resolution: "@elysia/cors@npm:2.0.0-beta.1"
  peerDependencies:
    elysia: ">= 2.0.0-beta.1"
  checksum: 10c0/f12d4ab56ba2ef8979850e87044fe45083e9608815ebd548c73dcfe193983374fb401a931ef0bbc126e629dab2e430fc61bdebf443844bdecd40bb36874bc111
  languageName: node
  linkType: hard

"@elysia/openapi@npm:2.0.0-beta.4":
  version: 2.0.0-beta.4
  resolution: "@elysia/openapi@npm:2.0.0-beta.4"
  peerDependencies:
    "@scalar/types": ">= 0.18.0"
    elysia: ">= 2.0.0-beta.11"
    typebox: ">= 1.3.0"
  checksum: 10c0/1fd373369efb1123914e998206551220640486ff145b76ee00522a39892e9872524f8e7702b66f00ffbe09a974e96270eb1613b03f0a3d6eb00951e75b95a973
  languageName: node
  linkType: hard

"@hono/zod-openapi@npm:1.6.3":
  version: 1.6.3
  resolution: "@hono/zod-openapi@npm:1.6.3"
  dependencies:
    "@asteasolutions/zod-to-openapi": "npm:^9.1.0"
    "@hono/zod-validator": "npm:^0.9.1"
    openapi3-ts: "npm:^4.5.0"
  peerDependencies:
    hono: ">=4.10.0"
    zod: ^4.0.0
  checksum: 10c0/4701ff968f08b12e5756d03485155ef957e06b8c44789d0d973440a35538f10d3522e6918fcc44e5ca47c55b4632c61c170d0acd8564aa8c6ca9bab412058d2d
  languageName: node
  linkType: hard

"@hono/zod-validator@npm:^0.9.1":
  version: 0.9.1
  resolution: "@hono/zod-validator@npm:0.9.1"
  peerDependencies:
    hono: ">=4.11.2"
    zod: ^3.25.0 || ^4.0.0
  checksum: 10c0/34fb97baf400046a250d6cf746449d5e1d9cbcda0f31d3be08a5d0f121875cf3f951a73a809aa7875b3bbe82d4a945a730cb49edb44cb33fd990d49a513e8589
  languageName: node
  linkType: hard

"@rezics-research/framework-probe@workspace:probe":
  version: 0.0.0-use.local
  resolution: "@rezics-research/framework-probe@workspace:probe"
  dependencies:
    "@elysia/cors": "npm:2.0.0-beta.1"
    "@elysia/openapi": "npm:2.0.0-beta.4"
    "@hono/zod-openapi": "npm:1.6.3"
    "@scalar/types": "npm:0.21.0"
    "@types/bun": "npm:1.4.2"
    elysia: "npm:2.0.0-beta.16"
    exact-mirror: "npm:1.2.6"
    hono: "npm:4.13.8"
    openapi-types: "npm:12.1.3"
    typebox: "npm:1.3.34"
    typescript: "npm:7.0.2"
    zod: "npm:4.6.5"
  languageName: unknown
  linkType: soft

"@scalar/helpers@npm:0.13.0":
  version: 0.13.0
  resolution: "@scalar/helpers@npm:0.13.0"
  checksum: 10c0/f4b88ffd5b4fb32ca8e06d076781a6ffed67a366507917ce9e6f71cea428ec43e530762e51670acbc156cc508d4b24eb487cc4c2bf338d5cf69b6fccb86db9c1
  languageName: node
  linkType: hard

"@scalar/types@npm:0.21.0":
  version: 0.21.0
  resolution: "@scalar/types@npm:0.21.0"
  dependencies:
    "@scalar/helpers": "npm:0.13.0"
    nanoid: "npm:^5.1.6"
    type-fest: "npm:^5.8.0"
    zod: "npm:^4.4.3"
  checksum: 10c0/4faca5554ae88ba8cc7a583a8a5f761cfdd3051b532aee695f53be95f8a73e659f4151d5a16f34c1cb75ac748caa04b5e1a6522389be3194808335f65c003f29
  languageName: node
  linkType: hard

"@types/bun@npm:1.4.2":
  version: 1.4.2
  resolution: "@types/bun@npm:1.4.2"
  dependencies:
    bun-types: "npm:1.4.2"
  checksum: 10c0/f22456d26f2330ab8f9ea351695218db0dc05911281b7c12b609ed89d7050bac18a0f8400ae0996756fe9651e12fb3200527dcfae53f0ddb9265e860bf0b3099
  languageName: node
  linkType: hard

"@types/node@npm:*":
  version: 26.6.2
  resolution: "@types/node@npm:26.6.2"
  dependencies:
    undici-types: "npm:~8.9.0"
  checksum: 10c0/bb411ff5863a79a28ffa4ebadf2499d44046aa114d25a7a6c78f57def118123a0a7dea99e8fe38849099e9dba2b41b8853a7a282037618559f58653c35e7c5c5
  languageName: node
  linkType: hard

"@typescript/typescript-aix-ppc64@npm:7.0.2":
  version: 7.0.2
  resolution: "@typescript/typescript-aix-ppc64@npm:7.0.2"
  conditions: os=aix & cpu=ppc64
  languageName: node
  linkType: hard

"@typescript/typescript-darwin-arm64@npm:7.0.2":
  version: 7.0.2
  resolution: "@typescript/typescript-darwin-arm64@npm:7.0.2"
  conditions: os=darwin & cpu=arm64
  languageName: node
  linkType: hard

"@typescript/typescript-darwin-x64@npm:7.0.2":
  version: 7.0.2
  resolution: "@typescript/typescript-darwin-x64@npm:7.0.2"
  conditions: os=darwin & cpu=x64
  languageName: node
  linkType: hard

"@typescript/typescript-freebsd-arm64@npm:7.0.2":
  version: 7.0.2
  resolution: "@typescript/typescript-freebsd-arm64@npm:7.0.2"
  conditions: os=freebsd & cpu=arm64
  languageName: node
  linkType: hard

"@typescript/typescript-freebsd-x64@npm:7.0.2":
  version: 7.0.2
  resolution: "@typescript/typescript-freebsd-x64@npm:7.0.2"
  conditions: os=freebsd & cpu=x64
  languageName: node
  linkType: hard

"@typescript/typescript-linux-arm64@npm:7.0.2":
  version: 7.0.2
  resolution: "@typescript/typescript-linux-arm64@npm:7.0.2"
  conditions: os=linux & cpu=arm64
  languageName: node
  linkType: hard

"@typescript/typescript-linux-arm@npm:7.0.2":
  version: 7.0.2
  resolution: "@typescript/typescript-linux-arm@npm:7.0.2"
  conditions: os=linux & cpu=arm
  languageName: node
  linkType: hard

"@typescript/typescript-linux-loong64@npm:7.0.2":
  version: 7.0.2
  resolution: "@typescript/typescript-linux-loong64@npm:7.0.2"
  conditions: os=linux & cpu=loong64
  languageName: node
  linkType: hard

"@typescript/typescript-linux-mips64el@npm:7.0.2":
  version: 7.0.2
  resolution: "@typescript/typescript-linux-mips64el@npm:7.0.2"
  conditions: os=linux & cpu=mips64el
  languageName: node
  linkType: hard

"@typescript/typescript-linux-ppc64@npm:7.0.2":
  version: 7.0.2
  resolution: "@typescript/typescript-linux-ppc64@npm:7.0.2"
  conditions: os=linux & cpu=ppc64
  languageName: node
  linkType: hard

"@typescript/typescript-linux-riscv64@npm:7.0.2":
  version: 7.0.2
  resolution: "@typescript/typescript-linux-riscv64@npm:7.0.2"
  conditions: os=linux & cpu=riscv64
  languageName: node
  linkType: hard

"@typescript/typescript-linux-s390x@npm:7.0.2":
  version: 7.0.2
  resolution: "@typescript/typescript-linux-s390x@npm:7.0.2"
  conditions: os=linux & cpu=s390x
  languageName: node
  linkType: hard

"@typescript/typescript-linux-x64@npm:7.0.2":
  version: 7.0.2
  resolution: "@typescript/typescript-linux-x64@npm:7.0.2"
  conditions: os=linux & cpu=x64
  languageName: node
  linkType: hard

"@typescript/typescript-netbsd-arm64@npm:7.0.2":
  version: 7.0.2
  resolution: "@typescript/typescript-netbsd-arm64@npm:7.0.2"
  conditions: os=netbsd & cpu=arm64
  languageName: node
  linkType: hard

"@typescript/typescript-netbsd-x64@npm:7.0.2":
  version: 7.0.2
  resolution: "@typescript/typescript-netbsd-x64@npm:7.0.2"
  conditions: os=netbsd & cpu=x64
  languageName: node
  linkType: hard

"@typescript/typescript-openbsd-arm64@npm:7.0.2":
  version: 7.0.2
  resolution: "@typescript/typescript-openbsd-arm64@npm:7.0.2"
  conditions: os=openbsd & cpu=arm64
  languageName: node
  linkType: hard

"@typescript/typescript-openbsd-x64@npm:7.0.2":
  version: 7.0.2
  resolution: "@typescript/typescript-openbsd-x64@npm:7.0.2"
  conditions: os=openbsd & cpu=x64
  languageName: node
  linkType: hard

"@typescript/typescript-sunos-x64@npm:7.0.2":
  version: 7.0.2
  resolution: "@typescript/typescript-sunos-x64@npm:7.0.2"
  conditions: os=sunos & cpu=x64
  languageName: node
  linkType: hard

"@typescript/typescript-win32-arm64@npm:7.0.2":
  version: 7.0.2
  resolution: "@typescript/typescript-win32-arm64@npm:7.0.2"
  conditions: os=win32 & cpu=arm64
  languageName: node
  linkType: hard

"@typescript/typescript-win32-x64@npm:7.0.2":
  version: 7.0.2
  resolution: "@typescript/typescript-win32-x64@npm:7.0.2"
  conditions: os=win32 & cpu=x64
  languageName: node
  linkType: hard

"bun-types@npm:1.4.2":
  version: 1.4.2
  resolution: "bun-types@npm:1.4.2"
  dependencies:
    "@types/node": "npm:*"
  checksum: 10c0/5044ca70b666567a258bcf48f516af2850e80091ccc3cacbf893852ece027007bc0fcf3424a59e97d5dba327ebcd5732ef9363a1d653d57ce2474f05526f40e3
  languageName: node
  linkType: hard

"deuri@npm:^3.0.0":
  version: 3.0.0
  resolution: "deuri@npm:3.0.0"
  checksum: 10c0/4d453ec830bb82a780abc8d71692b02b4a390dd9ad4aa806329fc89e92a31c92c6a5ad0cae9cc2ed3beb56e866fd000fa829107591eae4a5fc93ebafa218cd11
  languageName: node
  linkType: hard

"elysia@npm:2.0.0-beta.16":
  version: 2.0.0-beta.16
  resolution: "elysia@npm:2.0.0-beta.16"
  dependencies:
    deuri: "npm:^3.0.0"
    memoirist: "npm:1.2.2"
  peerDependencies:
    "@types/bun": ">= 1.3.0"
    exact-mirror: ">= 1.2.6"
    openapi-types: ">= 12.0.0"
    typebox: ">= 1.3.0"
    typescript: ">= 5.7.0"
  peerDependenciesMeta:
    "@types/bun":
      optional: true
    typescript:
      optional: true
  checksum: 10c0/ae78226bac02921a9be4dce3bcd4d8198e3282071f05e686df809d2e02d45416ee87ea0ce6fdf484f34349b0204e4afac63d0687cf2ab81b7b603761a23ceabc
  languageName: node
  linkType: hard

"exact-mirror@npm:1.2.6":
  version: 1.2.6
  resolution: "exact-mirror@npm:1.2.6"
  peerDependencies:
    typebox: ">= 1.1.0"
  peerDependenciesMeta:
    typebox:
      optional: true
  checksum: 10c0/cf934bdcec6dbed2608208c6739c4baf145698bf57857aefab227323c024bf20e89e1d52e220ddf2a4a2640b580812f97130a9240a7c099e6bb6004c1a8fc211
  languageName: node
  linkType: hard

"hono@npm:4.13.8":
  version: 4.13.8
  resolution: "hono@npm:4.13.8"
  checksum: 10c0/9c420a6599e38242f78686c5ade10f2539c4e98451b0bd0778ab17e4311691d8d1263ed45cd7047a6274ddd3196db39188c6526a4c2c46dd1baf39f37266819c
  languageName: node
  linkType: hard

"memoirist@npm:1.2.2":
  version: 1.2.2
  resolution: "memoirist@npm:1.2.2"
  checksum: 10c0/240599c462e4a6a75ad72ab98b39cbb3009f2303a49062c86ebfd6f396810e383b310f55fcde80cc6f37d22122a015cce0574c0b539bf9689ba195c72829140b
  languageName: node
  linkType: hard

"nanoid@npm:^5.1.6":
  version: 5.1.16
  resolution: "nanoid@npm:5.1.16"
  bin:
    nanoid: bin/nanoid.js
  checksum: 10c0/04b4f96237f5639716da0e98f453361b313bebaf458bb67dea2d384724fc8b3340a28f032a4373052150bcf3b801d122e291d81ae4fc522969f55c134f4401a3
  languageName: node
  linkType: hard

"openapi-types@npm:12.1.3":
  version: 12.1.3
  resolution: "openapi-types@npm:12.1.3"
  checksum: 10c0/4ad4eb91ea834c237edfa6ab31394e87e00c888fc2918009763389c00d02342345195d6f302d61c3fd807f17723cd48df29b47b538b68375b3827b3758cd520f
  languageName: node
  linkType: hard

"openapi3-ts@npm:^4.5.0, openapi3-ts@npm:^4.6.0":
  version: 4.6.1
  resolution: "openapi3-ts@npm:4.6.1"
  dependencies:
    yaml: "npm:^2.9.0"
  checksum: 10c0/6593453cb4cc39de4216118946a473244cfc2a1cbc766df27e15be1922e202016fed6e2fc568e67a82535f596f62cbbe5c66e8aafd6c4891849d677140096932
  languageName: node
  linkType: hard

"rezics-http-framework-comparison@workspace:.":
  version: 0.0.0-use.local
  resolution: "rezics-http-framework-comparison@workspace:."
  languageName: unknown
  linkType: soft

"tagged-tag@npm:^1.0.0":
  version: 1.0.0
  resolution: "tagged-tag@npm:1.0.0"
  checksum: 10c0/91d25c9ffb86a91f20522cefb2cbec9b64caa1febe27ad0df52f08993ff60888022d771e868e6416cf2e72dab68449d2139e8709ba009b74c6c7ecd4000048d1
  languageName: node
  linkType: hard

"type-fest@npm:^5.8.0":
  version: 5.10.0
  resolution: "type-fest@npm:5.10.0"
  dependencies:
    tagged-tag: "npm:^1.0.0"
  checksum: 10c0/313c5d0e37a3f1cc82e942f3228f897623c8b54a63a8a95532d0c2c21ab200793caa70bd8904a83fd713eb28d87ba32468b09b345ef6efa25cecb345b467226f
  languageName: node
  linkType: hard

"typebox@npm:1.3.34":
  version: 1.3.34
  resolution: "typebox@npm:1.3.34"
  checksum: 10c0/41964b0e9ea712b3295f7167b8754a1674b99f5fd2ba938d0843f433ece519d8fb4dbe0b3236776fcaec587f6def27f84bf81382333fa607470f6b8079de90d9
  languageName: node
  linkType: hard

"typescript@npm:7.0.2":
  version: 7.0.2
  resolution: "typescript@npm:7.0.2"
  dependencies:
    "@typescript/typescript-aix-ppc64": "npm:7.0.2"
    "@typescript/typescript-darwin-arm64": "npm:7.0.2"
    "@typescript/typescript-darwin-x64": "npm:7.0.2"
    "@typescript/typescript-freebsd-arm64": "npm:7.0.2"
    "@typescript/typescript-freebsd-x64": "npm:7.0.2"
    "@typescript/typescript-linux-arm": "npm:7.0.2"
    "@typescript/typescript-linux-arm64": "npm:7.0.2"
    "@typescript/typescript-linux-loong64": "npm:7.0.2"
    "@typescript/typescript-linux-mips64el": "npm:7.0.2"
    "@typescript/typescript-linux-ppc64": "npm:7.0.2"
    "@typescript/typescript-linux-riscv64": "npm:7.0.2"
    "@typescript/typescript-linux-s390x": "npm:7.0.2"
    "@typescript/typescript-linux-x64": "npm:7.0.2"
    "@typescript/typescript-netbsd-arm64": "npm:7.0.2"
    "@typescript/typescript-netbsd-x64": "npm:7.0.2"
    "@typescript/typescript-openbsd-arm64": "npm:7.0.2"
    "@typescript/typescript-openbsd-x64": "npm:7.0.2"
    "@typescript/typescript-sunos-x64": "npm:7.0.2"
    "@typescript/typescript-win32-arm64": "npm:7.0.2"
    "@typescript/typescript-win32-x64": "npm:7.0.2"
  dependenciesMeta:
    "@typescript/typescript-aix-ppc64":
      optional: true
    "@typescript/typescript-darwin-arm64":
      optional: true
    "@typescript/typescript-darwin-x64":
      optional: true
    "@typescript/typescript-freebsd-arm64":
      optional: true
    "@typescript/typescript-freebsd-x64":
      optional: true
    "@typescript/typescript-linux-arm":
      optional: true
    "@typescript/typescript-linux-arm64":
      optional: true
    "@typescript/typescript-linux-loong64":
      optional: true
    "@typescript/typescript-linux-mips64el":
      optional: true
    "@typescript/typescript-linux-ppc64":
      optional: true
    "@typescript/typescript-linux-riscv64":
      optional: true
    "@typescript/typescript-linux-s390x":
      optional: true
    "@typescript/typescript-linux-x64":
      optional: true
    "@typescript/typescript-netbsd-arm64":
      optional: true
    "@typescript/typescript-netbsd-x64":
      optional: true
    "@typescript/typescript-openbsd-arm64":
      optional: true
    "@typescript/typescript-openbsd-x64":
      optional: true
    "@typescript/typescript-sunos-x64":
      optional: true
    "@typescript/typescript-win32-arm64":
      optional: true
    "@typescript/typescript-win32-x64":
      optional: true
  bin:
    tsc: bin/tsc
  checksum: 10c0/3dcee51ec8c332492325bcdbf7df48b66668751f127e622ae7d41b6c716eb19184424a45e14f7750f50f340232388b69e6287859155f06a5ce2df76f12cb31cf
  languageName: node
  linkType: hard

"typescript@patch:typescript@npm%3A7.0.2#optional!builtin<compat/typescript>":
  version: 7.0.2
  resolution: "typescript@patch:typescript@npm%3A7.0.2#optional!builtin<compat/typescript>::version=7.0.2&hash=3bafbf"
  dependencies:
    "@typescript/typescript-aix-ppc64": "npm:7.0.2"
    "@typescript/typescript-darwin-arm64": "npm:7.0.2"
    "@typescript/typescript-darwin-x64": "npm:7.0.2"
    "@typescript/typescript-freebsd-arm64": "npm:7.0.2"
    "@typescript/typescript-freebsd-x64": "npm:7.0.2"
    "@typescript/typescript-linux-arm": "npm:7.0.2"
    "@typescript/typescript-linux-arm64": "npm:7.0.2"
    "@typescript/typescript-linux-loong64": "npm:7.0.2"
    "@typescript/typescript-linux-mips64el": "npm:7.0.2"
    "@typescript/typescript-linux-ppc64": "npm:7.0.2"
    "@typescript/typescript-linux-riscv64": "npm:7.0.2"
    "@typescript/typescript-linux-s390x": "npm:7.0.2"
    "@typescript/typescript-linux-x64": "npm:7.0.2"
    "@typescript/typescript-netbsd-arm64": "npm:7.0.2"
    "@typescript/typescript-netbsd-x64": "npm:7.0.2"
    "@typescript/typescript-openbsd-arm64": "npm:7.0.2"
    "@typescript/typescript-openbsd-x64": "npm:7.0.2"
    "@typescript/typescript-sunos-x64": "npm:7.0.2"
    "@typescript/typescript-win32-arm64": "npm:7.0.2"
    "@typescript/typescript-win32-x64": "npm:7.0.2"
  dependenciesMeta:
    "@typescript/typescript-aix-ppc64":
      optional: true
    "@typescript/typescript-darwin-arm64":
      optional: true
    "@typescript/typescript-darwin-x64":
      optional: true
    "@typescript/typescript-freebsd-arm64":
      optional: true
    "@typescript/typescript-freebsd-x64":
      optional: true
    "@typescript/typescript-linux-arm":
      optional: true
    "@typescript/typescript-linux-arm64":
      optional: true
    "@typescript/typescript-linux-loong64":
      optional: true
    "@typescript/typescript-linux-mips64el":
      optional: true
    "@typescript/typescript-linux-ppc64":
      optional: true
    "@typescript/typescript-linux-riscv64":
      optional: true
    "@typescript/typescript-linux-s390x":
      optional: true
    "@typescript/typescript-linux-x64":
      optional: true
    "@typescript/typescript-netbsd-arm64":
      optional: true
    "@typescript/typescript-netbsd-x64":
      optional: true
    "@typescript/typescript-openbsd-arm64":
      optional: true
    "@typescript/typescript-openbsd-x64":
      optional: true
    "@typescript/typescript-sunos-x64":
      optional: true
    "@typescript/typescript-win32-arm64":
      optional: true
    "@typescript/typescript-win32-x64":
      optional: true
  bin:
    tsc: bin/tsc
  checksum: 10c0/6b3cdc369cd829d46e00734ea64233ee84419c2825ad8fe408915adde77abced4b7a2401f7eed517d54a7a4f5d1c1869753cb99018df1c2159c761d9f33483a6
  languageName: node
  linkType: hard

"undici-types@npm:~8.9.0":
  version: 8.9.0
  resolution: "undici-types@npm:8.9.0"
  checksum: 10c0/51c712c20c087368f62c6fc0f2bc49fa76bfe5dec28ff01584bb677ff29b0622569783c02d43e151143808c48c0503f804093bd2c491b10f2a830138034cb451
  languageName: node
  linkType: hard

"yaml@npm:^2.9.0":
  version: 2.9.1
  resolution: "yaml@npm:2.9.1"
  bin:
    yaml: bin.mjs
  checksum: 10c0/9d06676ef02b89559a8b10a71882bd2cdae81e8393dc8dbc871615c3259475d9609ad973d19cb3c9e71e72d6206e3d1e7aa241c7e55f3d16fd2e77db305827d6
  languageName: node
  linkType: hard

"zod@npm:4.6.5, zod@npm:^4.4.3":
  version: 4.6.5
  resolution: "zod@npm:4.6.5"
  checksum: 10c0/32eb6c5e98becbe045675b2141c3611451c16ba567f9779231d79af41c4d651ca1c22f154aef7e6c6e77b929f23e43f1154ca05b82e119e922353725d6776af5
  languageName: node
  linkType: hard
